// !$*UTF8*$!
{
	archiveVersion = 1;
	classes = {
	};
	objectVersion = 50;
	objects = {

/* Begin PBXBuildFile section */
		7832318321767BEF00F3AEFD /* CollectionViewCell.swift in Sources */ = {isa = PBXBuildFile; fileRef = 7832318221767BEF00F3AEFD /* CollectionViewCell.swift */; };
		785158472175935700DD08EF /* SideMenuTableVCTableViewController.swift in Sources */ = {isa = PBXBuildFile; fileRef = 785158462175935700DD08EF /* SideMenuTableVCTableViewController.swift */; };
		785158492175951700DD08EF /* SideMenuTableViewCell.swift in Sources */ = {isa = PBXBuildFile; fileRef = 785158482175951700DD08EF /* SideMenuTableViewCell.swift */; };
		788B9B1F21791484007927EB /* TermsAndConditionsVC.swift in Sources */ = {isa = PBXBuildFile; fileRef = 788B9B1E21791484007927EB /* TermsAndConditionsVC.swift */; };
		788B9B21217914A4007927EB /* AboutUsVC.swift in Sources */ = {isa = PBXBuildFile; fileRef = 788B9B20217914A4007927EB /* AboutUsVC.swift */; };
		788B9B23217914D2007927EB /* ContactUsVC.swift in Sources */ = {isa = PBXBuildFile; fileRef = 788B9B22217914D2007927EB /* ContactUsVC.swift */; };
		788B9B2521791539007927EB /* PostAdVC.swift in Sources */ = {isa = PBXBuildFile; fileRef = 788B9B2421791539007927EB /* PostAdVC.swift */; };
		78D0C9E021746B1D00F67990 /* AppDelegate.swift in Sources */ = {isa = PBXBuildFile; fileRef = 78D0C9DF21746B1D00F67990 /* AppDelegate.swift */; };
		78D0C9E221746B1D00F67990 /* LandingPage.swift in Sources */ = {isa = PBXBuildFile; fileRef = 78D0C9E121746B1D00F67990 /* LandingPage.swift */; };
		78D0C9E521746B1D00F67990 /* Main.storyboard in Resources */ = {isa = PBXBuildFile; fileRef = 78D0C9E321746B1D00F67990 /* Main.storyboard */; };
		78D0C9E721746B1F00F67990 /* Assets.xcassets in Resources */ = {isa = PBXBuildFile; fileRef = 78D0C9E621746B1F00F67990 /* Assets.xcassets */; };
		78D0C9EA21746B1F00F67990 /* LaunchScreen.storyboard in Resources */ = {isa = PBXBuildFile; fileRef = 78D0C9E821746B1F00F67990 /* LaunchScreen.storyboard */; };
		78D0C9F421746D7800F67990 /* SWRevealViewController.m in Sources */ = {isa = PBXBuildFile; fileRef = 78D0C9F321746D7700F67990 /* SWRevealViewController.m */; };
		D8DD7ACB3D2E386064C93660 /* Pods_Time_Lab.framework in Frameworks */ = {isa = PBXBuildFile; fileRef = 6C1C08DC217BB1ECC2BCE663 /* Pods_Time_Lab.framework */; };
/* End PBXBuildFile section */

/* Begin PBXFileReference section */
		5915C9BB09FD504F4B2DC208 /* Pods-Time Lab.release.xcconfig */ = {isa = PBXFileReference; includeInIndex = 1; lastKnownFileType = text.xcconfig; name = "Pods-Time Lab.release.xcconfig"; path = "Pods/Target Support Files/Pods-Time Lab/Pods-Time Lab.release.xcconfig"; sourceTree = "<group>"; };
		642B214254617CDFBD0E82CA /* Pods-Time Lab.debug.xcconfig */ = {isa = PBXFileReference; includeInIndex = 1; lastKnownFileType = text.xcconfig; name = "Pods-Time Lab.debug.xcconfig"; path = "Pods/Target Support Files/Pods-Time Lab/Pods-Time Lab.debug.xcconfig"; sourceTree = "<group>"; };
		6C1C08DC217BB1ECC2BCE663 /* Pods_Time_Lab.framework */ = {isa = PBXFileReference; explicitFileType = wrapper.framework; includeInIndex = 0; path = Pods_Time_Lab.framework; sourceTree = BUILT_PRODUCTS_DIR; };
		7832318221767BEF00F3AEFD /* CollectionViewCell.swift */ = {isa = PBXFileReference; lastKnownFileType = sourcecode.swift; path = CollectionViewCell.swift; sourceTree = "<group>"; };
		785158462175935700DD08EF /* SideMenuTableVCTableViewController.swift */ = {isa = PBXFileReference; lastKnownFileType = sourcecode.swift; path = SideMenuTableVCTableViewController.swift; sourceTree = "<group>"; };
		785158482175951700DD08EF /* SideMenuTableViewCell.swift */ = {isa = PBXFileReference; lastKnownFileType = sourcecode.swift; path = SideMenuTableViewCell.swift; sourceTree = "<group>"; };
		788B9B1E21791484007927EB /* TermsAndConditionsVC.swift */ = {isa = PBXFileReference; lastKnownFileType = sourcecode.swift; path = TermsAndConditionsVC.swift; sourceTree = "<group>"; };
		788B9B20217914A4007927EB /* AboutUsVC.swift */ = {isa = PBXFileReference; lastKnownFileType = sourcecode.swift; path = AboutUsVC.swift; sourceTree = "<group>"; };
		788B9B22217914D2007927EB /* ContactUsVC.swift */ = {isa = PBXFileReference; lastKnownFileType = sourcecode.swift; path = ContactUsVC.swift; sourceTree = "<group>"; };
		788B9B2421791539007927EB /* PostAdVC.swift */ = {isa = PBXFileReference; lastKnownFileType = sourcecode.swift; path = PostAdVC.swift; sourceTree = "<group>"; };
		78D0C9DC21746B1D00F67990 /* Time Lab.app */ = {isa = PBXFileReference; explicitFileType = wrapper.application; includeInIndex = 0; path = "Time Lab.app"; sourceTree = BUILT_PRODUCTS_DIR; };
		78D0C9DF21746B1D00F67990 /* AppDelegate.swift */ = {isa = PBXFileReference; lastKnownFileType = sourcecode.swift; path = AppDelegate.swift; sourceTree = "<group>"; };
		78D0C9E121746B1D00F67990 /* LandingPage.swift */ = {isa = PBXFileReference; lastKnownFileType = sourcecode.swift; path = LandingPage.swift; sourceTree = "<group>"; };
		78D0C9E421746B1D00F67990 /* Base */ = {isa = PBXFileReference; lastKnownFileType = file.storyboard; name = Base; path = Base.lproj/Main.storyboard; sourceTree = "<group>"; };
		78D0C9E621746B1F00F67990 /* Assets.xcassets */ = {isa = PBXFileReference; lastKnownFileType = folder.assetcatalog; path = Assets.xcassets; sourceTree = "<group>"; };
		78D0C9E921746B1F00F67990 /* Base */ = {isa = PBXFileReference; lastKnownFileType = file.storyboard; name = Base; path = Base.lproj/LaunchScreen.storyboard; sourceTree = "<group>"; };
		78D0C9EB21746B1F00F67990 /* Info.plist */ = {isa = PBXFileReference; lastKnownFileType = text.plist.xml; path = Info.plist; sourceTree = "<group>"; };
		78D0C9F121746D7700F67990 /* Time Lab-Bridging-Header.h */ = {isa = PBXFileReference; lastKnownFileType = sourcecode.c.h; path = "Time Lab-Bridging-Header.h"; sourceTree = "<group>"; };
		78D0C9F221746D7700F67990 /* SWRevealViewController.h */ = {isa = PBXFileReference; fileEncoding = 4; lastKnownFileType = sourcecode.c.h; path = SWRevealViewController.h; sourceTree = "<group>"; };
		78D0C9F321746D7700F67990 /* SWRevealViewController.m */ = {isa = PBXFileReference; fileEncoding = 4; lastKnownFileType = sourcecode.c.objc; path = SWRevealViewController.m; sourceTree = "<group>"; };
/* End PBXFileReference section */

/* Begin PBXFrameworksBuildPhase section */
		78D0C9D921746B1D00F67990 /* Frameworks */ = {
			isa = PBXFrameworksBuildPhase;
			buildActionMask = 2147483647;
			files = (
				D8DD7ACB3D2E386064C93660 /* Pods_Time_Lab.framework in Frameworks */,
			);
			runOnlyForDeploymentPostprocessing = 0;
		};
/* End PBXFrameworksBuildPhase section */

/* Begin PBXGroup section */
		3BAD0B9AE1D50AFBEE9863D0 /* Frameworks */ = {
			isa = PBXGroup;
			children = (
				6C1C08DC217BB1ECC2BCE663 /* Pods_Time_Lab.framework */,
			);
			name = Frameworks;
			sourceTree = "<group>";
		};
		3EAAA6645E61F0DD3EC5F594 /* Pods */ = {
			isa = PBXGroup;
			children = (
				642B214254617CDFBD0E82CA /* Pods-Time Lab.debug.xcconfig */,
				5915C9BB09FD504F4B2DC208 /* Pods-Time Lab.release.xcconfig */,
			);
			name = Pods;
			sourceTree = "<group>";
		};
		788B9B2621791C57007927EB /* VC */ = {
			isa = PBXGroup;
			children = (
				78D0C9E121746B1D00F67990 /* LandingPage.swift */,
				788B9B1E21791484007927EB /* TermsAndConditionsVC.swift */,
				788B9B20217914A4007927EB /* AboutUsVC.swift */,
				788B9B22217914D2007927EB /* ContactUsVC.swift */,
				788B9B2421791539007927EB /* PostAdVC.swift */,
				785158462175935700DD08EF /* SideMenuTableVCTableViewController.swift */,
			);
			path = VC;
			sourceTree = "<group>";
		};
		788B9B2721791C9A007927EB /* Subclasses */ = {
			isa = PBXGroup;
			children = (
				78D0C9F221746D7700F67990 /* SWRevealViewController.h */,
				78D0C9F321746D7700F67990 /* SWRevealViewController.m */,
				7832318221767BEF00F3AEFD /* CollectionViewCell.swift */,
				785158482175951700DD08EF /* SideMenuTableViewCell.swift */,
			);
			path = Subclasses;
			sourceTree = "<group>";
		};
		78D0C9D321746B1D00F67990 = {
			isa = PBXGroup;
			children = (
				78D0C9DE21746B1D00F67990 /* Time Lab */,
				78D0C9DD21746B1D00F67990 /* Products */,
				3EAAA6645E61F0DD3EC5F594 /* Pods */,
				3BAD0B9AE1D50AFBEE9863D0 /* Frameworks */,
			);
			sourceTree = "<group>";
		};
		78D0C9DD21746B1D00F67990 /* Products */ = {
			isa = PBXGroup;
			children = (
				78D0C9DC21746B1D00F67990 /* Time Lab.app */,
			);
			name = Products;
			sourceTree = "<group>";
		};
		78D0C9DE21746B1D00F67990 /* Time Lab */ = {
			isa = PBXGroup;
			children = (
				78D0C9DF21746B1D00F67990 /* AppDelegate.swift */,
				78D0C9E321746B1D00F67990 /* Main.storyboard */,
				788B9B2621791C57007927EB /* VC */,
				788B9B2721791C9A007927EB /* Subclasses */,
				78D0C9E821746B1F00F67990 /* LaunchScreen.storyboard */,
				78D0C9F121746D7700F67990 /* Time Lab-Bridging-Header.h */,
				78D0C9EB21746B1F00F67990 /* Info.plist */,
				78D0C9E621746B1F00F67990 /* Assets.xcassets */,
			);
			path = "Time Lab";
			sourceTree = "<group>";
		};
/* End PBXGroup section */

/* Begin PBXNativeTarget section */
		78D0C9DB21746B1D00F67990 /* Time Lab */ = {
			isa = PBXNativeTarget;
			buildConfigurationList = 78D0C9EE21746B1F00F67990 /* Build configuration list for PBXNativeTarget "Time Lab" */;
			buildPhases = (
				746FC977738CE8399A35A8B4 /* [CP] Check Pods Manifest.lock */,
				78D0C9D821746B1D00F67990 /* Sources */,
				78D0C9D921746B1D00F67990 /* Frameworks */,
				78D0C9DA21746B1D00F67990 /* Resources */,
				CAF8086F4289EBEDC05B1A8F /* [CP] Embed Pods Frameworks */,
			);
			buildRules = (
			);
			dependencies = (
			);
			name = "Time Lab";
			productName = "Time Lab";
			productReference = 78D0C9DC21746B1D00F67990 /* Time Lab.app */;
			productType = "com.apple.product-type.application";
		};
/* End PBXNativeTarget section */

/* Begin PBXProject section */
		78D0C9D421746B1D00F67990 /* Project object */ = {
			isa = PBXProject;
			attributes = {
				LastSwiftUpdateCheck = 1000;
				LastUpgradeCheck = 1000;
				ORGANIZATIONNAME = "Tushar Singh";
				TargetAttributes = {
					78D0C9DB21746B1D00F67990 = {
						CreatedOnToolsVersion = 10.0;
						LastSwiftMigration = 1000;
					};
				};
			};
			buildConfigurationList = 78D0C9D721746B1D00F67990 /* Build configuration list for PBXProject "Time Lab" */;
			compatibilityVersion = "Xcode 9.3";
			developmentRegion = en;
			hasScannedForEncodings = 0;
			knownRegions = (
				en,
				Base,
			);
			mainGroup = 78D0C9D321746B1D00F67990;
			productRefGroup = 78D0C9DD21746B1D00F67990 /* Products */;
			projectDirPath = "";
			projectRoot = "";
			targets = (
				78D0C9DB21746B1D00F67990 /* Time Lab */,
			);
		};
/* End PBXProject section */

/* Begin PBXResourcesBuildPhase section */
		78D0C9DA21746B1D00F67990 /* Resources */ = {
			isa = PBXResourcesBuildPhase;
			buildActionMask = 2147483647;
			files = (
				78D0C9EA21746B1F00F67990 /* LaunchScreen.storyboard in Resources */,
				78D0C9E721746B1F00F67990 /* Assets.xcassets in Resources */,
				78D0C9E521746B1D00F67990 /* Main.storyboard in Resources */,
			);
			runOnlyForDeploymentPostprocessing = 0;
		};
/* End PBXResourcesBuildPhase section */

/* Begin PBXShellScriptBuildPhase section */
		746FC977738CE8399A35A8B4 /* [CP] Check Pods Manifest.lock */ = {
			isa = PBXShellScriptBuildPhase;
			buildActionMask = 2147483647;
			files = (
			);
			inputPaths = (
				"${PODS_PODFILE_DIR_PATH}/Podfile.lock",
				"${PODS_ROOT}/Manifest.lock",
			);
			name = "[CP] Check Pods Manifest.lock";
			outputPaths = (
				"$(DERIVED_FILE_DIR)/Pods-Time Lab-checkManifestLockResult.txt",
			);
			runOnlyForDeploymentPostprocessing = 0;
			shellPath = /bin/sh;
			shellScript = "diff \"${PODS_PODFILE_DIR_PATH}/Podfile.lock\" \"${PODS_ROOT}/Manifest.lock\" > /dev/null\nif [ $? != 0 ] ; then\n    # print error to STDERR\n    echo \"error: The sandbox is not in sync with the Podfile.lock. Run 'pod install' or update your CocoaPods installation.\" >&2\n    exit 1\nfi\n# This output is used by Xcode 'outputs' to avoid re-running this script phase.\necho \"SUCCESS\" > \"${SCRIPT_OUTPUT_FILE_0}\"\n";
			showEnvVarsInLog = 0;
		};
		CAF8086F4289EBEDC05B1A8F /* [CP] Embed Pods Frameworks */ = {
			isa = PBXShellScriptBuildPhase;
			buildActionMask = 2147483647;
			files = (
			);
			inputPaths = (
				"${SRCROOT}/Pods/Target Support Files/Pods-Time Lab/Pods-Time Lab-frameworks.sh",
				"${BUILT_PRODUCTS_DIR}/ImageSlideshow/ImageSlideshow.framework",
			);
			name = "[CP] Embed Pods Frameworks";
			outputPaths = (
				"${TARGET_BUILD_DIR}/${FRAMEWORKS_FOLDER_PATH}/ImageSlideshow.framework",
			);
			runOnlyForDeploymentPostprocessing = 0;
			shellPath = /bin/sh;
			shellScript = "\"${SRCROOT}/Pods/Target Support Files/Pods-Time Lab/Pods-Time Lab-frameworks.sh\"\n";
			showEnvVarsInLog = 0;
		};
/* End PBXShellScriptBuildPhase section */

/* Begin PBXSourcesBuildPhase section */
		78D0C9D821746B1D00F67990 /* Sources */ = {
			isa = PBXSourcesBuildPhase;
			buildActionMask = 2147483647;
			files = (
				788B9B1F21791484007927EB /* TermsAndConditionsVC.swift in Sources */,
				785158492175951700DD08EF /* SideMenuTableViewCell.swift in Sources */,
				78D0C9E221746B1D00F67990 /* LandingPage.swift in Sources */,
				7832318321767BEF00F3AEFD /* CollectionViewCell.swift in Sources */,
				785158472175935700DD08EF /* SideMenuTableVCTableViewController.swift in Sources */,
				788B9B23217914D2007927EB /* ContactUsVC.swift in Sources */,
				78D0C9E021746B1D00F67990 /* AppDelegate.swift in Sources */,
				788B9B21217914A4007927EB /* AboutUsVC.swift in Sources */,
				78D0C9F421746D7800F67990 /* SWRevealViewController.m in Sources */,
				788B9B2521791539007927EB /* PostAdVC.swift in Sources */,
			);
			runOnlyForDeploymentPostprocessing = 0;
		};
/* End PBXSourcesBuildPhase section */

/* Begin PBXVariantGroup section */
		78D0C9E321746B1D00F67990 /* Main.storyboard */ = {
			isa = PBXVariantGroup;
			children = (
				78D0C9E421746B1D00F67990 /* Base */,
			);
			name = Main.storyboard;
			sourceTree = "<group>";
		};
		78D0C9E821746B1F00F67990 /* LaunchScreen.storyboard */ = {
			isa = PBXVariantGroup;
			children = (
				78D0C9E921746B1F00F67990 /* Base */,
			);
			name = LaunchScreen.storyboard;
			sourceTree = "<group>";
		};
/* End PBXVariantGroup section */

/* Begin XCBuildConfiguration section */
		78D0C9EC21746B1F00F67990 /* Debug */ = {
			isa = XCBuildConfiguration;
			buildSettings = {
				ALWAYS_SEARCH_USER_PATHS = NO;
				CLANG_ANALYZER_NONNULL = YES;
				CLANG_ANALYZER_NUMBER_OBJECT_CONVERSION = YES_AGGRESSIVE;
				CLANG_CXX_LANGUAGE_STANDARD = "gnu++14";
				CLANG_CXX_LIBRARY = "libc++";
				CLANG_ENABLE_MODULES = YES;
				CLANG_ENABLE_OBJC_ARC = YES;
				CLANG_ENABLE_OBJC_WEAK = YES;
				CLANG_WARN_BLOCK_CAPTURE_AUTORELEASING = YES;
				CLANG_WARN_BOOL_CONVERSION = YES;
				CLANG_WARN_COMMA = YES;
				CLANG_WARN_CONSTANT_CONVERSION = YES;
				CLANG_WARN_DEPRECATED_OBJC_IMPLEMENTATIONS = YES;
				CLANG_WARN_DIRECT_OBJC_ISA_USAGE = YES_ERROR;
				CLANG_WARN_DOCUMENTATION_COMMENTS = YES;
				CLANG_WARN_EMPTY_BODY = YES;
				CLANG_WARN_ENUM_CONVERSION = YES;
				CLANG_WARN_INFINITE_RECURSION = YES;
				CLANG_WARN_INT_CONVERSION = YES;
				CLANG_WARN_NON_LITERAL_NULL_CONVERSION = YES;
				CLANG_WARN_OBJC_IMPLICIT_RETAIN_SELF = YES;
				CLANG_WARN_OBJC_LITERAL_CONVERSION = YES;
				CLANG_WARN_OBJC_ROOT_CLASS = YES_ERROR;
				CLANG_WARN_RANGE_LOOP_ANALYSIS = YES;
				CLANG_WARN_STRICT_PROTOTYPES = YES;
				CLANG_WARN_SUSPICIOUS_MOVE = YES;
				CLANG_WARN_UNGUARDED_AVAILABILITY = YES_AGGRESSIVE;
				CLANG_WARN_UNREACHABLE_CODE = YES;
				CLANG_WARN__DUPLICATE_METHOD_MATCH = YES;
				CODE_SIGN_IDENTITY = "iPhone Developer";
				COPY_PHASE_STRIP = NO;
				DEBUG_INFORMATION_FORMAT = dwarf;
				ENABLE_STRICT_OBJC_MSGSEND = YES;
				ENABLE_TESTABILITY = YES;
				GCC_C_LANGUAGE_STANDARD = gnu11;
				GCC_DYNAMIC_NO_PIC = NO;
				GCC_NO_COMMON_BLOCKS = YES;
				GCC_OPTIMIZATION_LEVEL = 0;
				GCC_PREPROCESSOR_DEFINITIONS = (
					"DEBUG=1",
					"$(inherited)",
				);
				GCC_WARN_64_TO_32_BIT_CONVERSION = YES;
				GCC_WARN_ABOUT_RETURN_TYPE = YES_ERROR;
				GCC_WARN_UNDECLARED_SELECTOR = YES;
				GCC_WARN_UNINITIALIZED_AUTOS = YES_AGGRESSIVE;
				GCC_WARN_UNUSED_FUNCTION = YES;
				GCC_WARN_UNUSED_VARIABLE = YES;
				IPHONEOS_DEPLOYMENT_TARGET = 12.0;
				MTL_ENABLE_DEBUG_INFO = INCLUDE_SOURCE;
				MTL_FAST_MATH = YES;
				ONLY_ACTIVE_ARCH = YES;
				SDKROOT = iphoneos;
				SWIFT_ACTIVE_COMPILATION_CONDITIONS = DEBUG;
				SWIFT_OPTIMIZATION_LEVEL = "-Onone";
			};
			name = Debug;
		};
		78D0C9ED21746B1F00F67990 /* Release */ = {
			isa = XCBuildConfiguration;
			buildSettings = {
				ALWAYS_SEARCH_USER_PATHS = NO;
				CLANG_ANALYZER_NONNULL = YES;
				CLANG_ANALYZER_NUMBER_OBJECT_CONVERSION = YES_AGGRESSIVE;
				CLANG_CXX_LANGUAGE_STANDARD = "gnu++14";
				CLANG_CXX_LIBRARY = "libc++";
				CLANG_ENABLE_MODULES = YES;
				CLANG_ENABLE_OBJC_ARC = YES;
				CLANG_ENABLE_OBJC_WEAK = YES;
				CLANG_WARN_BLOCK_CAPTURE_AUTORELEASING = YES;
				CLANG_WARN_BOOL_CONVERSION = YES;
				CLANG_WARN_COMMA = YES;
				CLANG_WARN_CONSTANT_CONVERSION = YES;
				CLANG_WARN_DEPRECATED_OBJC_IMPLEMENTATIONS = YES;
				CLANG_WARN_DIRECT_OBJC_ISA_USAGE = YES_ERROR;
				CLANG_WARN_DOCUMENTATION_COMMENTS = YES;
				CLANG_WARN_EMPTY_BODY = YES;
				CLANG_WARN_ENUM_CONVERSION = YES;
				CLANG_WARN_INFINITE_RECURSION = YES;
				CLANG_WARN_INT_CONVERSION = YES;
				CLANG_WARN_NON_LITERAL_NULL_CONVERSION = YES;
				CLANG_WARN_OBJC_IMPLICIT_RETAIN_SELF = YES;
				CLANG_WARN_OBJC_LITERAL_CONVERSION = YES;
				CLANG_WARN_OBJC_ROOT_CLASS = YES_ERROR;
				CLANG_WARN_RANGE_LOOP_ANALYSIS = YES;
				CLANG_WARN_STRICT_PROTOTYPES = YES;
				CLANG_WARN_SUSPICIOUS_MOVE = YES;
				CLANG_WARN_UNGUARDED_AVAILABILITY = YES_AGGRESSIVE;
				CLANG_WARN_UNREACHABLE_CODE = YES;
				CLANG_WARN__DUPLICATE_METHOD_MATCH = YES;
				CODE_SIGN_IDENTITY = "iPhone Developer";
				COPY_PHASE_STRIP = NO;
				DEBUG_INFORMATION_FORMAT = "dwarf-with-dsym";
				ENABLE_NS_ASSERTIONS = NO;
				ENABLE_STRICT_OBJC_MSGSEND = YES;
				GCC_C_LANGUAGE_STANDARD = gnu11;
				GCC_NO_COMMON_BLOCKS = YES;
				GCC_WARN_64_TO_32_BIT_CONVERSION = YES;
				GCC_WARN_ABOUT_RETURN_TYPE = YES_ERROR;
				GCC_WARN_UNDECLARED_SELECTOR = YES;
				GCC_WARN_UNINITIALIZED_AUTOS = YES_AGGRESSIVE;
				GCC_WARN_UNUSED_FUNCTION = YES;
				GCC_WARN_UNUSED_VARIABLE = YES;
				IPHONEOS_DEPLOYMENT_TARGET = 12.0;
				MTL_ENABLE_DEBUG_INFO = NO;
				MTL_FAST_MATH = YES;
				SDKROOT = iphoneos;
				SWIFT_COMPILATION_MODE = wholemodule;
				SWIFT_OPTIMIZATION_LEVEL = "-O";
				VALIDATE_PRODUCT = YES;
			};
			name = Release;
		};
		78D0C9EF21746B1F00F67990 /* Debug */ = {
			isa = XCBuildConfiguration;
			baseConfigurationReference = 642B214254617CDFBD0E82CA /* Pods-Time Lab.debug.xcconfig */;
			buildSettings = {
				ASSETCATALOG_COMPILER_APPICON_NAME = AppIcon;
				CLANG_ENABLE_MODULES = YES;
				CODE_SIGN_STYLE = Automatic;
				DEVELOPMENT_TEAM = SDDB7WX63J;
				INFOPLIST_FILE = "Time Lab/Info.plist";
				LD_RUNPATH_SEARCH_PATHS = (
					"$(inherited)",
					"@executable_path/Frameworks",
				);
				PRODUCT_BUNDLE_IDENTIFIER = "ADG.Time-Lab";
				PRODUCT_NAME = "$(TARGET_NAME)";
				SWIFT_OBJC_BRIDGING_HEADER = "Time Lab/Time Lab-Bridging-Header.h";
				SWIFT_OPTIMIZATION_LEVEL = "-Onone";
				SWIFT_VERSION = 4.0;
				TARGETED_DEVICE_FAMILY = "1,2";
			};
			name = Debug;
		};
		78D0C9F021746B1F00F67990 /* Release */ = {
			isa = XCBuildConfiguration;
			baseConfigurationReference = 5915C9BB09FD504F4B2DC208 /* Pods-Time Lab.release.xcconfig */;
			buildSettings = {
				ASSETCATALOG_COMPILER_APPICON_NAME = AppIcon;
				CLANG_ENABLE_MODULES = YES;
				CODE_SIGN_STYLE = Automatic;
				DEVELOPMENT_TEAM = SDDB7WX63J;
				INFOPLIST_FILE = "Time Lab/Info.plist";
				LD_RUNPATH_SEARCH_PATHS = (
					"$(inherited)",
					"@executable_path/Frameworks",
				);
				PRODUCT_BUNDLE_IDENTIFIER = "ADG.Time-Lab";
				PRODUCT_NAME = "$(TARGET_NAME)";
				SWIFT_OBJC_BRIDGING_HEADER = "Time Lab/Time Lab-Bridging-Header.h";
				SWIFT_VERSION = 4.0;
				TARGETED_DEVICE_FAMILY = "1,2";
			};
			name = Release;
		};
/* End XCBuildConfiguration section */

/* Begin XCConfigurationList section */
		78D0C9D721746B1D00F67990 /* Build configuration list for PBXProject "Time Lab" */ = {
			isa = XCConfigurationList;
			buildConfigurations = (
				78D0C9EC21746B1F00F67990 /* Debug */,
				78D0C9ED21746B1F00F67990 /* Release */,
			);
			defaultConfigurationIsVisible = 0;
			defaultConfigurationName = Release;
		};
		78D0C9EE21746B1F00F67990 /* Build configuration list for PBXNativeTarget "Time Lab" */ = {
			isa = XCConfigurationList;
			buildConfigurations = (
				78D0C9EF21746B1F00F67990 /* Debug */,
				78D0C9F021746B1F00F67990 /* Release */,
			);
			defaultConfigurationIsVisible = 0;
			defaultConfigurationName = Release;
		};
/* End XCConfigurationList section */
	};
	rootObject = 78D0C9D421746B1D00F67990 /* Project object */;
}
